// !$*UTF8*$!
{
	archiveVersion = 1;
	classes = {
	};
	objectVersion = 46;
	objects = {

/* Begin PBXBuildFile section */
		5717700317F76972001DCB59 /* chlorine.cpp in Sources */ = {isa = PBXBuildFile; fileRef = 5717700217F76972001DCB59 /* chlorine.cpp */; settings = {COMPILER_FLAGS = "-O4 -Weverything"; }; };
		5717701B17F76BB8001DCB59 /* OpenCL.framework in Frameworks */ = {isa = PBXBuildFile; fileRef = 5717701A17F76BB8001DCB59 /* OpenCL.framework */; };
		5717702A17F77C2F001DCB59 /* clinfo.cpp in Sources */ = {isa = PBXBuildFile; fileRef = 5717701C17F77BF5001DCB59 /* clinfo.cpp */; };
		5717702F17F77D39001DCB59 /* OpenCL.framework in Frameworks */ = {isa = PBXBuildFile; fileRef = 5717701A17F76BB8001DCB59 /* OpenCL.framework */; };
/* End PBXBuildFile section */

/* Begin PBXCopyFilesBuildPhase section */
		5717701F17F77C17001DCB59 /* CopyFiles */ = {
			isa = PBXCopyFilesBuildPhase;
			buildActionMask = 2147483647;
			dstPath = /usr/share/man/man1/;
			dstSubfolderSpec = 0;
			files = (
			);
			runOnlyForDeploymentPostprocessing = 1;
		};
		57CDCA7117E6981400BEBD07 /* CopyFiles */ = {
			isa = PBXCopyFilesBuildPhase;
			buildActionMask = 2147483647;
			dstPath = /usr/share/man/man1/;
			dstSubfolderSpec = 0;
			files = (
			);
			runOnlyForDeploymentPostprocessing = 1;
		};
/* End PBXCopyFilesBuildPhase section */

/* Begin PBXFileReference section */
		57176FFA17F7535A001DCB59 /* makefile */ = {isa = PBXFileReference; fileEncoding = 4; lastKnownFileType = sourcecode.make; path = makefile; sourceTree = "<group>"; };
		57176FFD17F76972001DCB59 /* .gitignore */ = {isa = PBXFileReference; fileEncoding = 4; lastKnownFileType = text; path = .gitignore; sourceTree = "<group>"; };
		5717700217F76972001DCB59 /* chlorine.cpp */ = {isa = PBXFileReference; fileEncoding = 4; lastKnownFileType = sourcecode.cpp.cpp; path = chlorine.cpp; sourceTree = "<group>"; };
		5717700417F769EA001DCB59 /* Chlorine */ = {isa = PBXFileReference; explicitFileType = "compiled.mach-o.executable"; includeInIndex = 0; path = Chlorine; sourceTree = BUILT_PRODUCTS_DIR; };
		5717701A17F76BB8001DCB59 /* OpenCL.framework */ = {isa = PBXFileReference; lastKnownFileType = wrapper.framework; name = OpenCL.framework; path = System/Library/Frameworks/OpenCL.framework; sourceTree = SDKROOT; };
		5717701C17F77BF5001DCB59 /* clinfo.cpp */ = {isa = PBXFileReference; lastKnownFileType = sourcecode.cpp.cpp; path = clinfo.cpp; sourceTree = "<group>"; };
		5717702117F77C17001DCB59 /* clinfo */ = {isa = PBXFileReference; explicitFileType = "compiled.mach-o.executable"; includeInIndex = 0; path = clinfo; sourceTree = BUILT_PRODUCTS_DIR; };
		573009DD17F8B3E0005DE0E3 /* chlorine.hpp */ = {isa = PBXFileReference; lastKnownFileType = sourcecode.cpp.h; path = chlorine.hpp; sourceTree = "<group>"; };
		573009DE17F8B56C005DE0E3 /* error.hpp */ = {isa = PBXFileReference; lastKnownFileType = sourcecode.cpp.h; path = error.hpp; sourceTree = "<group>"; };
		573009DF17F8B73E005DE0E3 /* cl.hpp */ = {isa = PBXFileReference; lastKnownFileType = sourcecode.cpp.h; path = cl.hpp; sourceTree = "<group>"; };
		573009E017F8C066005DE0E3 /* clinfo.hpp */ = {isa = PBXFileReference; lastKnownFileType = sourcecode.cpp.h; path = clinfo.hpp; sourceTree = "<group>"; };
		5757A4E0181CDBE10050E6AB /* utilities.hpp */ = {isa = PBXFileReference; lastKnownFileType = sourcecode.cpp.h; name = utilities.hpp; path = lib/utilities.hpp; sourceTree = SOURCE_ROOT; };
		576A481C17F78A530062FDEA /* .travis.yml */ = {isa = PBXFileReference; lastKnownFileType = text; path = .travis.yml; sourceTree = "<group>"; };
		576A481D17F792FB0062FDEA /* readme.md */ = {isa = PBXFileReference; lastKnownFileType = text; path = readme.md; sourceTree = "<group>"; };
/* End PBXFileReference section */

/* Begin PBXFrameworksBuildPhase section */
		5717701E17F77C17001DCB59 /* Frameworks */ = {
			isa = PBXFrameworksBuildPhase;
			buildActionMask = 2147483647;
			files = (
				5717702F17F77D39001DCB59 /* OpenCL.framework in Frameworks */,
			);
			runOnlyForDeploymentPostprocessing = 0;
		};
		57CDCA7017E6981400BEBD07 /* Frameworks */ = {
			isa = PBXFrameworksBuildPhase;
			buildActionMask = 2147483647;
			files = (
				5717701B17F76BB8001DCB59 /* OpenCL.framework in Frameworks */,
			);
			runOnlyForDeploymentPostprocessing = 0;
		};
/* End PBXFrameworksBuildPhase section */

/* Begin PBXGroup section */
		57176FFC17F76972001DCB59 /* bin */ = {
			isa = PBXGroup;
			children = (
				57176FFD17F76972001DCB59 /* .gitignore */,
				5717700417F769EA001DCB59 /* Chlorine */,
				5717702117F77C17001DCB59 /* clinfo */,
			);
			path = bin;
			sourceTree = "<group>";
		};
		57176FFE17F76972001DCB59 /* lib */ = {
			isa = PBXGroup;
			children = (
				573009DD17F8B3E0005DE0E3 /* chlorine.hpp */,
				573009E017F8C066005DE0E3 /* clinfo.hpp */,
				573009DF17F8B73E005DE0E3 /* cl.hpp */,
				5757A4E0181CDBE10050E6AB /* utilities.hpp */,
				573009DE17F8B56C005DE0E3 /* error.hpp */,
			);
			path = lib;
			sourceTree = "<group>";
		};
		5717700017F76972001DCB59 /* src */ = {
			isa = PBXGroup;
			children = (
				5717700217F76972001DCB59 /* chlorine.cpp */,
				5717701C17F77BF5001DCB59 /* clinfo.cpp */,
			);
			path = src;
			sourceTree = "<group>";
		};
		57CDCA6A17E6981400BEBD07 = {
			isa = PBXGroup;
			children = (
				5717701A17F76BB8001DCB59 /* OpenCL.framework */,
				57176FFA17F7535A001DCB59 /* makefile */,
				576A481D17F792FB0062FDEA /* readme.md */,
				576A481C17F78A530062FDEA /* .travis.yml */,
				57176FFE17F76972001DCB59 /* lib */,
				5717700017F76972001DCB59 /* src */,
				57176FFC17F76972001DCB59 /* bin */,
			);
			sourceTree = "<group>";
		};
/* End PBXGroup section */

/* Begin PBXNativeTarget section */
		5717702017F77C17001DCB59 /* clinfo */ = {
			isa = PBXNativeTarget;
			buildConfigurationList = 5717702717F77C17001DCB59 /* Build configuration list for PBXNativeTarget "clinfo" */;
			buildPhases = (
				5717701D17F77C17001DCB59 /* Sources */,
				5717701E17F77C17001DCB59 /* Frameworks */,
				5717701F17F77C17001DCB59 /* CopyFiles */,
			);
			buildRules = (
			);
			dependencies = (
			);
			name = clinfo;
			productName = clinfo;
			productReference = 5717702117F77C17001DCB59 /* clinfo */;
			productType = "com.apple.product-type.tool";
		};
		57CDCA7217E6981400BEBD07 /* Chlorine */ = {
			isa = PBXNativeTarget;
			buildConfigurationList = 57CDCA7C17E6981400BEBD07 /* Build configuration list for PBXNativeTarget "Chlorine" */;
			buildPhases = (
				57CDCA6F17E6981400BEBD07 /* Sources */,
				57CDCA7017E6981400BEBD07 /* Frameworks */,
				57CDCA7117E6981400BEBD07 /* CopyFiles */,
			);
			buildRules = (
			);
			dependencies = (
			);
			name = Chlorine;
			productName = Chlorine;
			productReference = 5717700417F769EA001DCB59 /* Chlorine */;
			productType = "com.apple.product-type.tool";
		};
/* End PBXNativeTarget section */

/* Begin PBXProject section */
		57CDCA6B17E6981400BEBD07 /* Project object */ = {
			isa = PBXProject;
			attributes = {
				LastUpgradeCheck = 0500;
			};
			buildConfigurationList = 57CDCA6E17E6981400BEBD07 /* Build configuration list for PBXProject "Chlorine" */;
			compatibilityVersion = "Xcode 3.2";
			developmentRegion = English;
			hasScannedForEncodings = 0;
			knownRegions = (
				en,
			);
			mainGroup = 57CDCA6A17E6981400BEBD07;
			productRefGroup = 57CDCA6A17E6981400BEBD07;
			projectDirPath = "";
			projectRoot = "";
			targets = (
				57CDCA7217E6981400BEBD07 /* Chlorine */,
				5717702017F77C17001DCB59 /* clinfo */,
			);
		};
/* End PBXProject section */

/* Begin PBXSourcesBuildPhase section */
		5717701D17F77C17001DCB59 /* Sources */ = {
			isa = PBXSourcesBuildPhase;
			buildActionMask = 2147483647;
			files = (
				5717702A17F77C2F001DCB59 /* clinfo.cpp in Sources */,
			);
			runOnlyForDeploymentPostprocessing = 0;
		};
		57CDCA6F17E6981400BEBD07 /* Sources */ = {
			isa = PBXSourcesBuildPhase;
			buildActionMask = 2147483647;
			files = (
				5717700317F76972001DCB59 /* chlorine.cpp in Sources */,
			);
			runOnlyForDeploymentPostprocessing = 0;
		};
/* End PBXSourcesBuildPhase section */

/* Begin XCBuildConfiguration section */
		5717702817F77C17001DCB59 /* Debug */ = {
			isa = XCBuildConfiguration;
			buildSettings = {
				CLANG_WARN_BOOL_CONVERSION = YES;
				CLANG_WARN_DIRECT_OBJC_ISA_USAGE = YES_ERROR;
				CLANG_WARN_OBJC_ROOT_CLASS = YES_ERROR;
				GCC_PREPROCESSOR_DEFINITIONS = (
					"DEBUG=1",
					"$(inherited)",
				);
				GCC_WARN_ABOUT_RETURN_TYPE = YES_ERROR;
				GCC_WARN_UNDECLARED_SELECTOR = YES;
				GCC_WARN_UNUSED_FUNCTION = YES;
				PRODUCT_NAME = "$(TARGET_NAME)";
			};
			name = Debug;
		};
		5717702917F77C17001DCB59 /* Release */ = {
			isa = XCBuildConfiguration;
			buildSettings = {
				CLANG_WARN_BOOL_CONVERSION = YES;
				CLANG_WARN_DIRECT_OBJC_ISA_USAGE = YES_ERROR;
				CLANG_WARN_OBJC_ROOT_CLASS = YES_ERROR;
				ENABLE_NS_ASSERTIONS = NO;
				GCC_WARN_ABOUT_RETURN_TYPE = YES_ERROR;
				GCC_WARN_UNDECLARED_SELECTOR = YES;
				GCC_WARN_UNUSED_FUNCTION = YES;
				PRODUCT_NAME = "$(TARGET_NAME)";
			};
			name = Release;
		};
		57CDCA7A17E6981400BEBD07 /* Debug */ = {
			isa = XCBuildConfiguration;
			buildSettings = {
				ALWAYS_SEARCH_USER_PATHS = NO;
				CLANG_CXX_LANGUAGE_STANDARD = "compiler-default";
				CLANG_CXX_LIBRARY = "compiler-default";
				CLANG_ENABLE_OBJC_ARC = YES;
				CLANG_WARN_CONSTANT_CONVERSION = YES;
				CLANG_WARN_EMPTY_BODY = YES;
				CLANG_WARN_ENUM_CONVERSION = YES;
				CLANG_WARN_INT_CONVERSION = YES;
				CLANG_WARN__DUPLICATE_METHOD_MATCH = YES;
				COPY_PHASE_STRIP = NO;
				GCC_C_LANGUAGE_STANDARD = gnu99;
				GCC_DYNAMIC_NO_PIC = NO;
				GCC_ENABLE_OBJC_EXCEPTIONS = YES;
				GCC_OPTIMIZATION_LEVEL = 0;
				GCC_PREPROCESSOR_DEFINITIONS = (
					"DEBUG=1",
					"$(inherited)",
				);
				GCC_SYMBOLS_PRIVATE_EXTERN = NO;
				GCC_WARN_64_TO_32_BIT_CONVERSION = YES;
				GCC_WARN_ABOUT_RETURN_TYPE = YES;
				GCC_WARN_UNINITIALIZED_AUTOS = YES;
				GCC_WARN_UNUSED_VARIABLE = YES;
				MACOSX_DEPLOYMENT_TARGET = 10.9;
				ONLY_ACTIVE_ARCH = YES;
				SDKROOT = macosx;
			};
			name = Debug;
		};
		57CDCA7B17E6981400BEBD07 /* Release */ = {
			isa = XCBuildConfiguration;
			buildSettings = {
				ALWAYS_SEARCH_USER_PATHS = NO;
				CLANG_CXX_LANGUAGE_STANDARD = "compiler-default";
				CLANG_CXX_LIBRARY = "compiler-default";
				CLANG_ENABLE_OBJC_ARC = YES;
				CLANG_WARN_CONSTANT_CONVERSION = YES;
				CLANG_WARN_EMPTY_BODY = YES;
				CLANG_WARN_ENUM_CONVERSION = YES;
				CLANG_WARN_INT_CONVERSION = YES;
				CLANG_WARN__DUPLICATE_METHOD_MATCH = YES;
				COPY_PHASE_STRIP = YES;
				DEBUG_INFORMATION_FORMAT = "dwarf-with-dsym";
				GCC_C_LANGUAGE_STANDARD = gnu99;
				GCC_ENABLE_OBJC_EXCEPTIONS = YES;
				GCC_WARN_64_TO_32_BIT_CONVERSION = YES;
				GCC_WARN_ABOUT_RETURN_TYPE = YES;
				GCC_WARN_UNINITIALIZED_AUTOS = YES;
				GCC_WARN_UNUSED_VARIABLE = YES;
				MACOSX_DEPLOYMENT_TARGET = 10.9;
				SDKROOT = macosx;
			};
			name = Release;
		};
		57CDCA7D17E6981400BEBD07 /* Debug */ = {
			isa = XCBuildConfiguration;
			buildSettings = {
				PRODUCT_NAME = "$(TARGET_NAME)";
			};
			name = Debug;
		};
		57CDCA7E17E6981400BEBD07 /* Release */ = {
			isa = XCBuildConfiguration;
			buildSettings = {
				PRODUCT_NAME = "$(TARGET_NAME)";
			};
			name = Release;
		};
/* End XCBuildConfiguration section */

/* Begin XCConfigurationList section */
		5717702717F77C17001DCB59 /* Build configuration list for PBXNativeTarget "clinfo" */ = {
			isa = XCConfigurationList;
			buildConfigurations = (
				5717702817F77C17001DCB59 /* Debug */,
				5717702917F77C17001DCB59 /* Release */,
			);
			defaultConfigurationIsVisible = 0;
			defaultConfigurationName = Release;
		};
		57CDCA6E17E6981400BEBD07 /* Build configuration list for PBXProject "Chlorine" */ = {
			isa = XCConfigurationList;
			buildConfigurations = (
				57CDCA7A17E6981400BEBD07 /* Debug */,
				57CDCA7B17E6981400BEBD07 /* Release */,
			);
			defaultConfigurationIsVisible = 0;
			defaultConfigurationName = Release;
		};
		57CDCA7C17E6981400BEBD07 /* Build configuration list for PBXNativeTarget "Chlorine" */ = {
			isa = XCConfigurationList;
			buildConfigurations = (
				57CDCA7D17E6981400BEBD07 /* Debug */,
				57CDCA7E17E6981400BEBD07 /* Release */,
			);
			defaultConfigurationIsVisible = 0;
			defaultConfigurationName = Release;
		};
/* End XCConfigurationList section */
	};
	rootObject = 57CDCA6B17E6981400BEBD07 /* Project object */;
}
